
Microsoft Visual Studio Solution File, Format Version 12.00
# Visual Studio Version 17
VisualStudioVersion = 17.9.34728.123
MinimumVisualStudioVersion = 10.0.40219.1
Project("{8BC9CEB8-8B4A-11D0-8D11-00A0C91BC942}") = "MTh_prac04", "MTh_prac04\MTh_prac04.vcxproj", "{F2036831-C3D6-4B0F-AD36-ED4DD5124BDB}"
EndProject
Global
	GlobalSection(SolutionConfigurationPlatforms) = preSolution
		Debug|x64 = Debug|x64
		Debug|x86 = Debug|x86
		Release|x64 = Release|x64
		Release|x86 = Release|x86
	EndGlobalSection
	GlobalSection(ProjectConfigurationPlatforms) = postSolution
		{F2036831-C3D6-4B0F-AD36-ED4DD5124BDB}.Debug|x64.ActiveCfg = Debug|x64
		{F2036831-C3D6-4B0F-AD36-ED4DD5124BDB}.Debug|x64.Build.0 = Debug|x64
		{F2036831-C3D6-4B0F-AD36-ED4DD5124BDB}.Debug|x86.ActiveCfg = Debug|Win32
		{F2036831-C3D6-4B0F-AD36-ED4DD5124BDB}.Debug|x86.Build.0 = Debug|Win32
		{F2036831-C3D6-4B0F-AD36-ED4DD5124BDB}.Release|x64.ActiveCfg = Release|x64
		{F2036831-C3D6-4B0F-AD36-ED4DD5124BDB}.Release|x64.Build.0 = Release|x64
		{F2036831-C3D6-4B0F-AD36-ED4DD5124BDB}.Release|x86.ActiveCfg = Release|Win32
		{F2036831-C3D6-4B0F-AD36-ED4DD5124BDB}.Release|x86.Build.0 = Release|Win32
	EndGlobalSection
	GlobalSection(SolutionProperties) = preSolution
		HideSolutionNode = FALSE
	EndGlobalSection
	GlobalSection(ExtensibilityGlobals) = postSolution
		SolutionGuid = {FC1A3274-213A-4319-9EBA-EC0A567C9487}
	EndGlobalSection
EndGlobal
